
Microsoft Visual Studio Solution File, Format Version 12.00
# Visual Studio Version 17
VisualStudioVersion = 17.3.32929.385
MinimumVisualStudioVersion = 10.0.40219.1
Project("{FAE04EC0-301F-11D3-BF4B-00C04F79EFBC}") = "WebApplication33333333333", "WebApplication33333333333\WebApplication33333333333.csproj", "{23EA20CB-1DE0-41E3-BE96-5EE4236568E5}"
EndProject
Global
	GlobalSection(SolutionConfigurationPlatforms) = preSolution
		Debug|Any CPU = Debug|Any CPU
		Release|Any CPU = Release|Any CPU
	EndGlobalSection
	GlobalSection(ProjectConfigurationPlatforms) = postSolution
		{23EA20CB-1DE0-41E3-BE96-5EE4236568E5}.Debug|Any CPU.ActiveCfg = Debug|Any CPU
		{23EA20CB-1DE0-41E3-BE96-5EE4236568E5}.Debug|Any CPU.Build.0 = Debug|Any CPU
		{23EA20CB-1DE0-41E3-BE96-5EE4236568E5}.Release|Any CPU.ActiveCfg = Release|Any CPU
		{23EA20CB-1DE0-41E3-BE96-5EE4236568E5}.Release|Any CPU.Build.0 = Release|Any CPU
	EndGlobalSection
	GlobalSection(SolutionProperties) = preSolution
		HideSolutionNode = FALSE
	EndGlobalSection
	GlobalSection(ExtensibilityGlobals) = postSolution
		SolutionGuid = {FB4C9636-6824-4010-85C1-73232D56BB41}
	EndGlobalSection
EndGlobal
